
Microsoft Visual Studio Solution File, Format Version 12.00
# Visual Studio Version 17
VisualStudioVersion = 17.4.33213.308
MinimumVisualStudioVersion = 10.0.40219.1
Project("{FAE04EC0-301F-11D3-BF4B-00C04F79EFBC}") = "webApiPractica", "webApiPractica\webApiPractica.csproj", "{E5408E0F-1B6A-473F-89C1-58DFDC9015F3}"
EndProject
Global
	GlobalSection(SolutionConfigurationPlatforms) = preSolution
		Debug|Any CPU = Debug|Any CPU
		Release|Any CPU = Release|Any CPU
	EndGlobalSection
	GlobalSection(ProjectConfigurationPlatforms) = postSolution
		{E5408E0F-1B6A-473F-89C1-58DFDC9015F3}.Debug|Any CPU.ActiveCfg = Debug|Any CPU
		{E5408E0F-1B6A-473F-89C1-58DFDC9015F3}.Debug|Any CPU.Build.0 = Debug|Any CPU
		{E5408E0F-1B6A-473F-89C1-58DFDC9015F3}.Release|Any CPU.ActiveCfg = Release|Any CPU
		{E5408E0F-1B6A-473F-89C1-58DFDC9015F3}.Release|Any CPU.Build.0 = Release|Any CPU
	EndGlobalSection
	GlobalSection(SolutionProperties) = preSolution
		HideSolutionNode = FALSE
	EndGlobalSection
	GlobalSection(ExtensibilityGlobals) = postSolution
		SolutionGuid = {9B49AC5A-8331-4967-A1A1-217AF8663C46}
	EndGlobalSection
EndGlobal
